
Microsoft Visual Studio Solution File, Format Version 12.00
# Visual Studio Version 17
VisualStudioVersion = 17.0.31903.59
MinimumVisualStudioVersion = 10.0.40219.1
Project("{FAE04EC0-301F-11D3-BF4B-00C04F79EFBC}") = "Blazor", "Blazor\Blazor.csproj", "{10C7C502-5E34-4964-83C2-A260946888E8}"
EndProject
Project("{FAE04EC0-301F-11D3-BF4B-00C04F79EFBC}") = "API", "API\API.csproj", "{922174A0-7CDD-48B2-BE1A-128A993AAE85}"
EndProject
Project("{FAE04EC0-301F-11D3-BF4B-00C04F79EFBC}") = "Domain", "Domain\Domain.csproj", "{739525FB-4952-4494-9317-B4883E4E95DD}"
EndProject
Project("{FAE04EC0-301F-11D3-BF4B-00C04F79EFBC}") = "__Tests__", "__Tests__\__Tests__.csproj", "{2F9B6D32-CD53-4E49-8663-6129D636C3E5}"
EndProject
Global
	GlobalSection(SolutionConfigurationPlatforms) = preSolution
		Debug|Any CPU = Debug|Any CPU
		Release|Any CPU = Release|Any CPU
	EndGlobalSection
	GlobalSection(SolutionProperties) = preSolution
		HideSolutionNode = FALSE
	EndGlobalSection
	GlobalSection(ProjectConfigurationPlatforms) = postSolution
		{10C7C502-5E34-4964-83C2-A260946888E8}.Debug|Any CPU.ActiveCfg = Debug|Any CPU
		{10C7C502-5E34-4964-83C2-A260946888E8}.Debug|Any CPU.Build.0 = Debug|Any CPU
		{10C7C502-5E34-4964-83C2-A260946888E8}.Release|Any CPU.ActiveCfg = Release|Any CPU
		{10C7C502-5E34-4964-83C2-A260946888E8}.Release|Any CPU.Build.0 = Release|Any CPU
		{922174A0-7CDD-48B2-BE1A-128A993AAE85}.Debug|Any CPU.ActiveCfg = Debug|Any CPU
		{922174A0-7CDD-48B2-BE1A-128A993AAE85}.Debug|Any CPU.Build.0 = Debug|Any CPU
		{922174A0-7CDD-48B2-BE1A-128A993AAE85}.Release|Any CPU.ActiveCfg = Release|Any CPU
		{922174A0-7CDD-48B2-BE1A-128A993AAE85}.Release|Any CPU.Build.0 = Release|Any CPU
		{739525FB-4952-4494-9317-B4883E4E95DD}.Debug|Any CPU.ActiveCfg = Debug|Any CPU
		{739525FB-4952-4494-9317-B4883E4E95DD}.Debug|Any CPU.Build.0 = Debug|Any CPU
		{739525FB-4952-4494-9317-B4883E4E95DD}.Release|Any CPU.ActiveCfg = Release|Any CPU
		{739525FB-4952-4494-9317-B4883E4E95DD}.Release|Any CPU.Build.0 = Release|Any CPU
		{2F9B6D32-CD53-4E49-8663-6129D636C3E5}.Debug|Any CPU.ActiveCfg = Debug|Any CPU
		{2F9B6D32-CD53-4E49-8663-6129D636C3E5}.Debug|Any CPU.Build.0 = Debug|Any CPU
		{2F9B6D32-CD53-4E49-8663-6129D636C3E5}.Release|Any CPU.ActiveCfg = Release|Any CPU
		{2F9B6D32-CD53-4E49-8663-6129D636C3E5}.Release|Any CPU.Build.0 = Release|Any CPU
	EndGlobalSection
EndGlobal
